
Microsoft Visual Studio Solution File, Format Version 12.00
# Visual Studio 15
VisualStudioVersion = 15.0.28307.572
MinimumVisualStudioVersion = 10.0.40219.1
Project("{9A19103F-16F7-4668-BE54-9A1E7A4F7556}") = "Catalog", "Catalog\Catalog.csproj", "{F82374C3-0557-4690-8E09-FBF996BE129D}"
EndProject
Project("{9A19103F-16F7-4668-BE54-9A1E7A4F7556}") = "Catalog.EFRepository", "Catalog.EFRepository\Catalog.EFRepository.csproj", "{A7EF0F73-68CB-4B14-B656-C92AFDD11A84}"
EndProject
Project("{9A19103F-16F7-4668-BE54-9A1E7A4F7556}") = "Catalog.Interface", "Catalog.Interface\Catalog.Interface.csproj", "{7359F148-424F-434C-945E-77CD459388CA}"
EndProject
Project("{9A19103F-16F7-4668-BE54-9A1E7A4F7556}") = "Catalog.Entity", "Catalog.Entity\Catalog.Entity.csproj", "{B8538DB6-6103-4007-96C1-7AA1824DDA83}"
EndProject
Project("{FAE04EC0-301F-11D3-BF4B-00C04F79EFBC}") = "Catalog.Contract", "Catalog.Contract\Catalog.Contract.csproj", "{EE86F7F6-1E24-4535-8426-6763AEB39497}"
EndProject
Global
	GlobalSection(SolutionConfigurationPlatforms) = preSolution
		Debug|Any CPU = Debug|Any CPU
		Release|Any CPU = Release|Any CPU
	EndGlobalSection
	GlobalSection(ProjectConfigurationPlatforms) = postSolution
		{F82374C3-0557-4690-8E09-FBF996BE129D}.Debug|Any CPU.ActiveCfg = Debug|Any CPU
		{F82374C3-0557-4690-8E09-FBF996BE129D}.Debug|Any CPU.Build.0 = Debug|Any CPU
		{F82374C3-0557-4690-8E09-FBF996BE129D}.Release|Any CPU.ActiveCfg = Release|Any CPU
		{F82374C3-0557-4690-8E09-FBF996BE129D}.Release|Any CPU.Build.0 = Release|Any CPU
		{A7EF0F73-68CB-4B14-B656-C92AFDD11A84}.Debug|Any CPU.ActiveCfg = Debug|Any CPU
		{A7EF0F73-68CB-4B14-B656-C92AFDD11A84}.Debug|Any CPU.Build.0 = Debug|Any CPU
		{A7EF0F73-68CB-4B14-B656-C92AFDD11A84}.Release|Any CPU.ActiveCfg = Release|Any CPU
		{A7EF0F73-68CB-4B14-B656-C92AFDD11A84}.Release|Any CPU.Build.0 = Release|Any CPU
		{7359F148-424F-434C-945E-77CD459388CA}.Debug|Any CPU.ActiveCfg = Debug|Any CPU
		{7359F148-424F-434C-945E-77CD459388CA}.Debug|Any CPU.Build.0 = Debug|Any CPU
		{7359F148-424F-434C-945E-77CD459388CA}.Release|Any CPU.ActiveCfg = Release|Any CPU
		{7359F148-424F-434C-945E-77CD459388CA}.Release|Any CPU.Build.0 = Release|Any CPU
		{B8538DB6-6103-4007-96C1-7AA1824DDA83}.Debug|Any CPU.ActiveCfg = Debug|Any CPU
		{B8538DB6-6103-4007-96C1-7AA1824DDA83}.Debug|Any CPU.Build.0 = Debug|Any CPU
		{B8538DB6-6103-4007-96C1-7AA1824DDA83}.Release|Any CPU.ActiveCfg = Release|Any CPU
		{B8538DB6-6103-4007-96C1-7AA1824DDA83}.Release|Any CPU.Build.0 = Release|Any CPU
		{EE86F7F6-1E24-4535-8426-6763AEB39497}.Debug|Any CPU.ActiveCfg = Debug|Any CPU
		{EE86F7F6-1E24-4535-8426-6763AEB39497}.Debug|Any CPU.Build.0 = Debug|Any CPU
		{EE86F7F6-1E24-4535-8426-6763AEB39497}.Release|Any CPU.ActiveCfg = Release|Any CPU
		{EE86F7F6-1E24-4535-8426-6763AEB39497}.Release|Any CPU.Build.0 = Release|Any CPU
	EndGlobalSection
	GlobalSection(SolutionProperties) = preSolution
		HideSolutionNode = FALSE
	EndGlobalSection
	GlobalSection(ExtensibilityGlobals) = postSolution
		SolutionGuid = {F605F0C5-7AFB-45F8-8F2B-D2412F4C68EF}
	EndGlobalSection
EndGlobal
